
Microsoft Visual Studio Solution File, Format Version 12.00
# Visual Studio Version 17
VisualStudioVersion = 17.2.32519.379
MinimumVisualStudioVersion = 10.0.40219.1
Project("{FAE04EC0-301F-11D3-BF4B-00C04F79EFBC}") = "InformerProject", "InformerProject\InformerProject.csproj", "{3759E8AA-FE20-4054-A817-299BE1EC60F4}"
EndProject
Global
	GlobalSection(SolutionConfigurationPlatforms) = preSolution
		Debug|Any CPU = Debug|Any CPU
		Release|Any CPU = Release|Any CPU
	EndGlobalSection
	GlobalSection(ProjectConfigurationPlatforms) = postSolution
		{3759E8AA-FE20-4054-A817-299BE1EC60F4}.Debug|Any CPU.ActiveCfg = Debug|Any CPU
		{3759E8AA-FE20-4054-A817-299BE1EC60F4}.Debug|Any CPU.Build.0 = Debug|Any CPU
		{3759E8AA-FE20-4054-A817-299BE1EC60F4}.Release|Any CPU.ActiveCfg = Release|Any CPU
		{3759E8AA-FE20-4054-A817-299BE1EC60F4}.Release|Any CPU.Build.0 = Release|Any CPU
	EndGlobalSection
	GlobalSection(SolutionProperties) = preSolution
		HideSolutionNode = FALSE
	EndGlobalSection
	GlobalSection(ExtensibilityGlobals) = postSolution
		SolutionGuid = {3DA5E27D-1276-479D-86CC-13466EB96B67}
	EndGlobalSection
EndGlobal
